
Microsoft Visual Studio Solution File, Format Version 12.00
# Visual Studio Version 17
VisualStudioVersion = 17.4.33403.182
MinimumVisualStudioVersion = 10.0.40219.1
Project("{FAE04EC0-301F-11D3-BF4B-00C04F79EFBC}") = "NotificationSystem", "NotificationSystem\NotificationSystem.csproj", "{6C8D8CCC-65EE-4946-BFF7-3FAF2B36D18D}"
EndProject
Global
	GlobalSection(SolutionConfigurationPlatforms) = preSolution
		Debug|Any CPU = Debug|Any CPU
		Release|Any CPU = Release|Any CPU
	EndGlobalSection
	GlobalSection(ProjectConfigurationPlatforms) = postSolution
		{6C8D8CCC-65EE-4946-BFF7-3FAF2B36D18D}.Debug|Any CPU.ActiveCfg = Debug|Any CPU
		{6C8D8CCC-65EE-4946-BFF7-3FAF2B36D18D}.Debug|Any CPU.Build.0 = Debug|Any CPU
		{6C8D8CCC-65EE-4946-BFF7-3FAF2B36D18D}.Release|Any CPU.ActiveCfg = Release|Any CPU
		{6C8D8CCC-65EE-4946-BFF7-3FAF2B36D18D}.Release|Any CPU.Build.0 = Release|Any CPU
	EndGlobalSection
	GlobalSection(SolutionProperties) = preSolution
		HideSolutionNode = FALSE
	EndGlobalSection
	GlobalSection(ExtensibilityGlobals) = postSolution
		SolutionGuid = {25DB7AD6-EA82-4284-B9D2-27060B4A0130}
	EndGlobalSection
EndGlobal
